# This file is generated by running "yarn install" inside your project.
# Manual changes might be lost - proceed with caution!

__metadata:
  version: 6
  cacheKey: 8

"@babel/helper-plugin-utils@npm:^7.8.0":
  version: 7.14.5
  resolution: "@babel/helper-plugin-utils@npm:7.14.5"
  checksum: fe20e90a24d02770a60ebe80ab9f0dfd7258503cea8006c71709ac9af1aa3e47b0de569499673f11ea6c99597f8c0e4880ae1d505986e61101b69716820972fe
  languageName: node
  linkType: hard

"@babel/plugin-syntax-object-rest-spread@npm:^7.8.3":
  version: 7.8.3
  resolution: "@babel/plugin-syntax-object-rest-spread@npm:7.8.3"
  dependencies:
    "@babel/helper-plugin-utils": ^7.8.0
  peerDependencies:
    "@babel/core": ^7.0.0-0
  checksum: fddcf581a57f77e80eb6b981b10658421bc321ba5f0a5b754118c6a92a5448f12a0c336f77b8abf734841e102e5126d69110a306eadb03ca3e1547cab31f5cbf
  languageName: node
  linkType: hard

"@testing-library/jest-dom@link:../node_modules/@testing-library/jest-dom::locator=editor-example%40workspace%3A.":
  version: 0.0.0-use.local
  resolution: "@testing-library/jest-dom@link:../node_modules/@testing-library/jest-dom::locator=editor-example%40workspace%3A."
  languageName: node
  linkType: soft

"@testing-library/react@link:../node_modules/@testing-library/react::locator=editor-example%40workspace%3A.":
  version: 0.0.0-use.local
  resolution: "@testing-library/react@link:../node_modules/@testing-library/react::locator=editor-example%40workspace%3A."
  languageName: node
  linkType: soft

"@testing-library/user-event@link:../node_modules/@testing-library/user-event::locator=editor-example%40workspace%3A.":
  version: 0.0.0-use.local
  resolution: "@testing-library/user-event@link:../node_modules/@testing-library/user-event::locator=editor-example%40workspace%3A."
  languageName: node
  linkType: soft

"@types/jest@link:../node_modules/@types/jest::locator=editor-example%40workspace%3A.":
  version: 0.0.0-use.local
  resolution: "@types/jest@link:../node_modules/@types/jest::locator=editor-example%40workspace%3A."
  languageName: node
  linkType: soft

"@types/node@link:../node_modules/@types/node::locator=editor-example%40workspace%3A.":
  version: 0.0.0-use.local
  resolution: "@types/node@link:../node_modules/@types/node::locator=editor-example%40workspace%3A."
  languageName: node
  linkType: soft

"@types/react-dom@link:../node_modules/@types/react-dom::locator=editor-example%40workspace%3A.":
  version: 0.0.0-use.local
  resolution: "@types/react-dom@link:../node_modules/@types/react-dom::locator=editor-example%40workspace%3A."
  languageName: node
  linkType: soft

"@types/react@link:../node_modules/@types/react::locator=editor-example%40workspace%3A.":
  version: 0.0.0-use.local
  resolution: "@types/react@link:../node_modules/@types/react::locator=editor-example%40workspace%3A."
  languageName: node
  linkType: soft

"babel-loader@link:../node_modules/babel-loader::locator=editor-example%40workspace%3A.":
  version: 0.0.0-use.local
  resolution: "babel-loader@link:../node_modules/babel-loader::locator=editor-example%40workspace%3A."
  languageName: node
  linkType: soft

"editor-example@workspace:.":
  version: 0.0.0-use.local
  resolution: "editor-example@workspace:."
  dependencies:
    "@babel/plugin-syntax-object-rest-spread": ^7.8.3
    "@testing-library/jest-dom": "link:../node_modules/@testing-library/jest-dom"
    "@testing-library/react": "link:../node_modules/@testing-library/react"
    "@testing-library/user-event": "link:../node_modules/@testing-library/user-event"
    "@types/jest": "link:../node_modules/@types/jest"
    "@types/node": "link:../node_modules/@types/node"
    "@types/react": "link:../node_modules/@types/react"
    "@types/react-dom": "link:../node_modules/@types/react-dom"
    babel-loader: "link:../node_modules/babel-loader"
    editor: "link:.."
    react: "link:../node_modules/react"
    react-dom: "link:../node_modules/react-dom"
    react-scripts: "link:../node_modules/react-scripts"
    styled-components: "link:../node_modules/styled-components"
    typescript: "link:../node_modules/typescript"
  languageName: unknown
  linkType: soft

"editor@link:..::locator=editor-example%40workspace%3A.":
  version: 0.0.0-use.local
  resolution: "editor@link:..::locator=editor-example%40workspace%3A."
  languageName: node
  linkType: soft

"react-dom@link:../node_modules/react-dom::locator=editor-example%40workspace%3A.":
  version: 0.0.0-use.local
  resolution: "react-dom@link:../node_modules/react-dom::locator=editor-example%40workspace%3A."
  languageName: node
  linkType: soft

"react-scripts@link:../node_modules/react-scripts::locator=editor-example%40workspace%3A.":
  version: 0.0.0-use.local
  resolution: "react-scripts@link:../node_modules/react-scripts::locator=editor-example%40workspace%3A."
  languageName: node
  linkType: soft

"react@link:../node_modules/react::locator=editor-example%40workspace%3A.":
  version: 0.0.0-use.local
  resolution: "react@link:../node_modules/react::locator=editor-example%40workspace%3A."
  languageName: node
  linkType: soft

"styled-components@link:../node_modules/styled-components::locator=editor-example%40workspace%3A.":
  version: 0.0.0-use.local
  resolution: "styled-components@link:../node_modules/styled-components::locator=editor-example%40workspace%3A."
  languageName: node
  linkType: soft

"typescript@link:../node_modules/typescript::locator=editor-example%40workspace%3A.":
  version: 0.0.0-use.local
  resolution: "typescript@link:../node_modules/typescript::locator=editor-example%40workspace%3A."
  languageName: node
  linkType: soft

"typescript@patch:typescript@link%3A../node_modules/typescript#~builtin<compat/typescript>":
  version: 0.0.0-use.local
  resolution: "typescript@patch:typescript@link%3A../node_modules/typescript%3A%3Alocator=editor-example%2540workspace%253A.#~builtin<compat/typescript>::version=0.0.0&hash=7ad353"
  checksum: b9d3197845d52a5a9d5119e52015ec7be8c659efbf4866fb44c9cd064e36e1ea064929567abe824a46d30b1400da0b42487269ef89ec66892e5aa295c733dc8a
  languageName: node
  linkType: soft
